dependencies:
  array-pull: 0.2.1
  deepmerge: 4.2.2
  discord.js: 12.3.1
  dotenv: 8.2.0
  moment: 2.27.0
  mongoose: 5.10.7_mongoose@5.10.7
  ms: 2.1.2
  nanoid: 3.1.13
  node-cmd: 3.0.0
  sqlite3: 4.2.0
  unb-api: 1.2.0
lockfileVersion: 5.1
packages:
  /@discordjs/collection/0.1.6:
    dev: false
    resolution:
      integrity: sha512-utRNxnd9kSS2qhyivo9lMlt5qgAUasH2gb7BEOn6p0efFh24gjGomHzWKMAPn2hEReOPQZCJaRKoURwRotKucQ==
  /@discordjs/form-data/3.0.1:
    dependencies:
      asynckit: 0.4.0
      combined-stream: 1.0.8
      mime-types: 2.1.27
    dev: false
    engines:
      node: '>= 6'
    resolution:
      integrity: sha512-ZfFsbgEXW71Rw/6EtBdrP5VxBJy4dthyC0tpQKGKmYFImlmmrykO14Za+BiIVduwjte0jXEBlhSKf0MWbFp9Eg==
  /abbrev/1.1.1:
    dev: false
    resolution:
      integrity: sha512-nne9/IiQ/hzIhY6pdDnbBtz7DjPTKrY00P/zvPSm5pOFkl6xuGrGnXn/VtTNNfNtAfZ9/1RtehkszU9qcTii0Q==
  /abort-controller/3.0.0:
    dependencies:
      event-target-shim: 5.0.1
    dev: false
    engines:
      node: '>=6.5'
    resolution:
      integrity: sha512-h8lQ8tacZYnR3vNQTgibj+tODHI5/+l06Au2Pcriv/Gmet0eaj4TwWH41sO9wnHDiQsEj19q0drzdWdeAHtweg==
  /ajv/6.12.4:
    dependencies:
      fast-deep-equal: 3.1.3
      fast-json-stable-stringify: 2.1.0
      json-schema-traverse: 0.4.1
      uri-js: 4.2.2
    dev: false
    resolution:
      integrity: sha512-eienB2c9qVQs2KWexhkrdMLVDoIQCz5KSeLxwg9Lzk4DOfBtIK9PQwwufcsn1jjGuf9WZmqPMbGxOzfcuphJCQ==
  /ansi-regex/2.1.1:
    dev: false
    engines:
      node: '>=0.10.0'
    resolution:
      integrity: sha1-w7M6te42DYbg5ijwRorn7yfWVN8=
  /aproba/1.2.0:
    dev: false
    resolution:
      integrity: sha512-Y9J6ZjXtoYh8RnXVCMOU/ttDmk1aBjunq9vO0ta5x85WDQiQfUF9sIPBITdbiiIVcBo03Hi3jMxigBtsddlXRw==
  /are-we-there-yet/1.1.5:
    dependencies:
      delegates: 1.0.0
      readable-stream: 2.3.7
    dev: false
    resolution:
      integrity: sha512-5hYdAkZlcG8tOLujVDTgCT+uPX0VnpAH28gWsLfzpXYm7wP6mp5Q/gYyR7YQ0cKVJcXJnl3j2kpBan13PtQf6w==
  /arr-flatten/1.1.0:
    dev: false
    engines:
      node: '>=0.10.0'
    resolution:
      integrity: sha512-L3hKV5R/p5o81R7O02IGnwpDmkp6E982XhtbuwSe3O4qOtMMMtodicASA1Cny2U+aCXcNpml+m4dPsvsJ3jatg==
  /array-pull/0.2.1:
    dependencies:
      arr-flatten: 1.1.0
      array-slice: 0.2.3
    dev: false
    engines:
      node: '>=0.10.0'
    resolution:
      integrity: sha1-52jDVNnPFLPiskM5QkVrMGRie2A=
  /array-slice/0.2.3:
    dev: false
    engines:
      node: '>=0.10.0'
    resolution:
      integrity: sha1-3Tz7gO15c6dRF82sabC5nshhhvU=
  /asn1/0.2.4:
    dependencies:
      safer-buffer: 2.1.2
    dev: false
    resolution:
      integrity: sha512-jxwzQpLQjSmWXgwaCZE9Nz+glAG01yF1QnWgbhGwHI5A6FRIEY6IVqtHhIepHqI7/kyEyQEagBC5mBEFlIYvdg==
  /assert-plus/1.0.0:
    dev: false
    engines:
      node: '>=0.8'
    resolution:
      integrity: sha1-8S4PPF13sLHN2RRpQuTpbB5N1SU=
  /asynckit/0.4.0:
    dev: false
    resolution:
      integrity: sha1-x57Zf380y48robyXkLzDZkdLS3k=
  /aws-sign2/0.7.0:
    dev: false
    resolution:
      integrity: sha1-tG6JCTSpWR8tL2+G1+ap8bP+dqg=
  /aws4/1.10.1:
    dev: false
    resolution:
      integrity: sha512-zg7Hz2k5lI8kb7U32998pRRFin7zJlkfezGJjUc2heaD4Pw2wObakCDVzkKztTm/Ln7eiVvYsjqak0Ed4LkMDA==
  /balanced-match/1.0.0:
    dev: false
    resolution:
      integrity: sha1-ibTRmasr7kneFk6gK4nORi1xt2c=
  /bcrypt-pbkdf/1.0.2:
    dependencies:
      tweetnacl: 0.14.5
    dev: false
    resolution:
      integrity: sha1-pDAdOJtqQ/m2f/PKEaP2Y342Dp4=
  /bl/2.2.1:
    dependencies:
      readable-stream: 2.3.7
      safe-buffer: 5.2.1
    dev: false
    resolution:
      integrity: sha512-6Pesp1w0DEX1N550i/uGV/TqucVL4AM/pgThFSN/Qq9si1/DF9aIHs1BxD8V/QU0HoeHO6cQRTAuYnLPKq1e4g==
  /bluebird/3.5.1:
    dev: false
    resolution:
      integrity: sha512-MKiLiV+I1AA596t9w1sQJ8jkiSr5+ZKi0WKrYGUn6d1Fx+Ij4tIj+m2WMQSGczs5jZVxV339chE8iwk6F64wjA==
  /brace-expansion/1.1.11:
    dependencies:
      balanced-match: 1.0.0
      concat-map: 0.0.1
    dev: false
    resolution:
      integrity: sha512-iCuPHDFgrHX7H2vEI/5xpz07zSHB00TpugqhmYtVmMO6518mCuRMoOYFldEBl0g187ufozdaHgWKcYFb61qGiA==
  /bson/1.1.5:
    dev: false
    engines:
      node: '>=0.6.19'
    resolution:
      integrity: sha512-kDuEzldR21lHciPQAIulLs1LZlCXdLziXI6Mb/TDkwXhb//UORJNPXgcRs2CuO4H0DcMkpfT3/ySsP3unoZjBg==
  /caseless/0.12.0:
    dev: false
    resolution:
      integrity: sha1-G2gcIf+EAzyCZUMJBolCDRhxUdw=
  /chownr/1.1.4:
    dev: false
    resolution:
      integrity: sha512-jJ0bqzaylmJtVnNgzTeSOs8DPavpbYgEr/b0YL8/2GO3xJEhInFmhKMUnEJQjZumK7KXGFhUy89PrsJWlakBVg==
  /code-point-at/1.1.0:
    dev: false
    engines:
      node: '>=0.10.0'
    resolution:
      integrity: sha1-DQcLTQQ6W+ozovGkDi7bPZpMz3c=
  /combined-stream/1.0.8:
    dependencies:
      delayed-stream: 1.0.0
    dev: false
    engines:
      node: '>= 0.8'
    resolution:
      integrity: sha512-FQN4MRfuJeHf7cBbBMJFXhKSDq+2kAArBlmRBvcvFE5BB1HZKXtSFASDhdlz9zOYwxh8lDdnvmMOe/+5cdoEdg==
  /concat-map/0.0.1:
    dev: false
    resolution:
      integrity: sha1-2Klr13/Wjfd5OnMDajug1UBdR3s=
  /console-control-strings/1.1.0:
    dev: false
    resolution:
      integrity: sha1-PXz0Rk22RG6mRL9LOVB/mFEAjo4=
  /core-util-is/1.0.2:
    dev: false
    resolution:
      integrity: sha1-tf1UIgqivFq1eqtxQMlAdUUDwac=
  /dashdash/1.14.1:
    dependencies:
      assert-plus: 1.0.0
    dev: false
    engines:
      node: '>=0.10'
    resolution:
      integrity: sha1-hTz6D3y+L+1d4gMmuN1YEDX24vA=
  /debug/3.1.0:
    dependencies:
      ms: 2.0.0
    dev: false
    resolution:
      integrity: sha512-OX8XqP7/1a9cqkxYw2yXss15f26NKWBpDXQd0/uK/KPqdQhxbPa994hnzjcE2VqQpDslf55723cKPUOGSmMY3g==
  /debug/3.2.6:
    dependencies:
      ms: 2.1.2
    dev: false
    resolution:
      integrity: sha512-mel+jf7nrtEl5Pn1Qx46zARXKDpBbvzezse7p7LqINmdoIk8PYP5SySaxEmYv6TZ0JyEKA1hsCId6DIhgITtWQ==
  /deep-extend/0.6.0:
    dev: false
    engines:
      node: '>=4.0.0'
    resolution:
      integrity: sha512-LOHxIOaPYdHlJRtCQfDIVZtfw/ufM8+rVj649RIHzcm/vGwQRXFt6OPqIFWsm2XEMrNIEtWR64sY1LEKD2vAOA==
  /deepmerge/4.2.2:
    dev: false
    engines:
      node: '>=0.10.0'
    resolution:
      integrity: sha512-FJ3UgI4gIl+PHZm53knsuSFpE+nESMr7M4v9QcgB7S63Kj/6WqMiFQJpBBYz1Pt+66bZpP3Q7Lye0Oo9MPKEdg==
  /delayed-stream/1.0.0:
    dev: false
    engines:
      node: '>=0.4.0'
    resolution:
      integrity: sha1-3zrhmayt+31ECqrgsp4icrJOxhk=
  /delegates/1.0.0:
    dev: false
    resolution:
      integrity: sha1-hMbhWbgZBP3KWaDvRM2HDTElD5o=
  /denque/1.4.1:
    dev: false
    engines:
      node: '>=0.10'
    resolution:
      integrity: sha512-OfzPuSZKGcgr96rf1oODnfjqBFmr1DVoc/TrItj3Ohe0Ah1C5WX5Baquw/9U9KovnQ88EqmJbD66rKYUQYN1tQ==
  /detect-libc/1.0.3:
    dev: false
    engines:
      node: '>=0.10'
    hasBin: true
    resolution:
      integrity: sha1-+hN8S9aY7fVc1c0CrFWfkaTEups=
  /discord.js/12.3.1:
    dependencies:
      '@discordjs/collection': 0.1.6
      '@discordjs/form-data': 3.0.1
      abort-controller: 3.0.0
      node-fetch: 2.6.0
      prism-media: 1.2.2
      setimmediate: 1.0.5
      tweetnacl: 1.0.3
      ws: 7.3.1
    dev: false
    engines:
      node: '>=12.0.0'
    resolution:
      integrity: sha512-mSFyV/mbvzH12UXdS4zadmeUf8IMQOo/YdunubG1wWt1xjWvtaJz/s9CGsFD2B5pTw1W/LXxxUbrQjIZ/xlUdw==
  /dotenv/8.2.0:
    dev: false
    engines:
      node: '>=8'
    resolution:
      integrity: sha512-8sJ78ElpbDJBHNeBzUbUVLsqKdccaa/BXF1uPTw3GrvQTBgrQrtObr2mUrE38vzYd8cEv+m/JBfDLioYcfXoaw==
  /ecc-jsbn/0.1.2:
    dependencies:
      jsbn: 0.1.1
      safer-buffer: 2.1.2
    dev: false
    resolution:
      integrity: sha1-OoOpBOVDUyh4dMVkt1SThoSamMk=
  /event-target-shim/5.0.1:
    dev: false
    engines:
      node: '>=6'
    resolution:
      integrity: sha512-i/2XbnSz/uxRCU6+NdVJgKWDTM427+MqYbkQzD321DuCQJUqOuJKIA0IM2+W2xtYHdKOmZ4dR6fExsd4SXL+WQ==
  /extend/3.0.2:
    dev: false
    resolution:
      integrity: sha512-fjquC59cD7CyW6urNXK0FBufkZcoiGG80wTuPujX590cB5Ttln20E2UB4S/WARVqhXffZl2LNgS+gQdPIIim/g==
  /extsprintf/1.3.0:
    dev: false
    engines:
      '0': node >=0.6.0
    resolution:
      integrity: sha1-lpGEQOMEGnpBT4xS48V06zw+HgU=
  /fast-deep-equal/3.1.3:
    dev: false
    resolution:
      integrity: sha512-f3qQ9oQy9j2AhBe/H9VC91wLmKBCCU/gDOnKNAYG5hswO7BLKj09Hc5HYNz9cGI++xlpDCIgDaitVs03ATR84Q==
  /fast-json-stable-stringify/2.1.0:
    dev: false
    resolution:
      integrity: sha512-lhd/wF+Lk98HZoTCtlVraHtfh5XYijIjalXck7saUtuanSDyLMxnHhSXEDJqHxD7msR8D0uCmqlkwjCV8xvwHw==
  /forever-agent/0.6.1:
    dev: false
    resolution:
      integrity: sha1-+8cfDEGt6zf5bFd60e1C2P2sypE=
  /form-data/2.3.3:
    dependencies:
      asynckit: 0.4.0
      combined-stream: 1.0.8
      mime-types: 2.1.27
    dev: false
    engines:
      node: '>= 0.12'
    resolution:
      integrity: sha512-1lLKB2Mu3aGP1Q/2eCOx0fNbRMe7XdwktwOruhfqqd0rIJWwN4Dh+E3hrPSlDCXnSR7UtZ1N38rVXm+6+MEhJQ==
  /fs-minipass/1.2.7:
    dependencies:
      minipass: 2.9.0
    dev: false
    resolution:
      integrity: sha512-GWSSJGFy4e9GUeCcbIkED+bgAoFyj7XF1mV8rma3QW4NIqX9Kyx79N/PF61H5udOV3aY1IaMLs6pGbH71nlCTA==
  /fs.realpath/1.0.0:
    dev: false
    resolution:
      integrity: sha1-FQStJSMVjKpA20onh8sBQRmU6k8=
  /gauge/2.7.4:
    dependencies:
      aproba: 1.2.0
      console-control-strings: 1.1.0
      has-unicode: 2.0.1
      object-assign: 4.1.1
      signal-exit: 3.0.3
      string-width: 1.0.2
      strip-ansi: 3.0.1
      wide-align: 1.1.3
    dev: false
    resolution:
      integrity: sha1-LANAXHU4w51+s3sxcCLjJfsBi/c=
  /getpass/0.1.7:
    dependencies:
      assert-plus: 1.0.0
    dev: false
    resolution:
      integrity: sha1-Xv+OPmhNVprkyysSgmBOi6YhSfo=
  /glob/7.1.6:
    dependencies:
      fs.realpath: 1.0.0
      inflight: 1.0.6
      inherits: 2.0.4
      minimatch: 3.0.4
      once: 1.4.0
      path-is-absolute: 1.0.1
    dev: false
    resolution:
      integrity: sha512-LwaxwyZ72Lk7vZINtNNrywX0ZuLyStrdDtabefZKAY5ZGJhVtgdznluResxNmPitE0SAO+O26sWTHeKSI2wMBA==
  /har-schema/2.0.0:
    dev: false
    engines:
      node: '>=4'
    resolution:
      integrity: sha1-qUwiJOvKwEeCoNkDVSHyRzW37JI=
  /har-validator/5.1.5:
    dependencies:
      ajv: 6.12.4
      har-schema: 2.0.0
    deprecated: this library is no longer supported
    dev: false
    engines:
      node: '>=6'
    resolution:
      integrity: sha512-nmT2T0lljbxdQZfspsno9hgrG3Uir6Ks5afism62poxqBM6sDnMEuPmzTq8XN0OEwqKLLdh1jQI3qyE66Nzb3w==
  /has-unicode/2.0.1:
    dev: false
    resolution:
      integrity: sha1-4Ob+aijPUROIVeCG0Wkedx3iqLk=
  /http-signature/1.2.0:
    dependencies:
      assert-plus: 1.0.0
      jsprim: 1.4.1
      sshpk: 1.16.1
    dev: false
    engines:
      node: '>=0.8'
      npm: '>=1.3.7'
    resolution:
      integrity: sha1-muzZJRFHcvPZW2WmCruPfBj7rOE=
  /iconv-lite/0.4.24:
    dependencies:
      safer-buffer: 2.1.2
    dev: false
    engines:
      node: '>=0.10.0'
    resolution:
      integrity: sha512-v3MXnZAcvnywkTUEZomIActle7RXXeedOR31wwl7VlyoXO4Qi9arvSenNQWne1TcRwhCL1HwLI21bEqdpj8/rA==
  /ignore-walk/3.0.3:
    dependencies:
      minimatch: 3.0.4
    dev: false
    resolution:
      integrity: sha512-m7o6xuOaT1aqheYHKf8W6J5pYH85ZI9w077erOzLje3JsB1gkafkAhHHY19dqjulgIZHFm32Cp5uNZgcQqdJKw==
  /inflight/1.0.6:
    dependencies:
      once: 1.4.0
      wrappy: 1.0.2
    dev: false
    resolution:
      integrity: sha1-Sb1jMdfQLQwJvJEKEHW6gWW1bfk=
  /inherits/2.0.4:
    dev: false
    resolution:
      integrity: sha512-k/vGaX4/Yla3WzyMCvTQOXYeIHvqOKtnqBduzTHpzpQZzAskKMhZ2K+EnBiSM9zGSoIFeMpXKxa4dYeZIQqewQ==
  /ini/1.3.5:
    dev: false
    resolution:
      integrity: sha512-RZY5huIKCMRWDUqZlEi72f/lmXKMvuszcMBduliQ3nnWbx9X/ZBQO7DijMEYS9EhHBb2qacRUMtC7svLwe0lcw==
  /is-fullwidth-code-point/1.0.0:
    dependencies:
      number-is-nan: 1.0.1
    dev: false
    engines:
      node: '>=0.10.0'
    resolution:
      integrity: sha1-754xOG8DGn8NZDr4L95QxFfvAMs=
  /is-typedarray/1.0.0:
    dev: false
    resolution:
      integrity: sha1-5HnICFjfDBsR3dppQPlgEfzaSpo=
  /isarray/1.0.0:
    dev: false
    resolution:
      integrity: sha1-u5NdSFgsuhaMBoNJV6VKPgcSTxE=
  /isstream/0.1.2:
    dev: false
    resolution:
      integrity: sha1-R+Y/evVa+m+S4VAOaQ64uFKcCZo=
  /jsbn/0.1.1:
    dev: false
    resolution:
      integrity: sha1-peZUwuWi3rXyAdls77yoDA7y9RM=
  /json-schema-traverse/0.4.1:
    dev: false
    resolution:
      integrity: sha512-xbbCH5dCYU5T8LcEhhuh7HJ88HXuW3qsI3Y0zOZFKfZEHcpWiHU/Jxzk629Brsab/mMiHQti9wMP+845RPe3Vg==
  /json-schema/0.2.3:
    dev: false
    resolution:
      integrity: sha1-tIDIkuWaLwWVTOcnvT8qTogvnhM=
  /json-stringify-safe/5.0.1:
    dev: false
    resolution:
      integrity: sha1-Epai1Y/UXxmg9s4B1lcB4sc1tus=
  /jsprim/1.4.1:
    dependencies:
      assert-plus: 1.0.0
      extsprintf: 1.3.0
      json-schema: 0.2.3
      verror: 1.10.0
    dev: false
    engines:
      '0': node >=0.6.0
    resolution:
      integrity: sha1-MT5mvB5cwG5Di8G3SZwuXFastqI=
  /kareem/2.3.1:
    dev: false
    resolution:
      integrity: sha512-l3hLhffs9zqoDe8zjmb/mAN4B8VT3L56EUvKNqLFVs9YlFA+zx7ke1DO8STAdDyYNkeSo1nKmjuvQeI12So8Xw==
  /memory-pager/1.5.0:
    dev: false
    optional: true
    resolution:
      integrity: sha512-ZS4Bp4r/Zoeq6+NLJpP+0Zzm0pR8whtGPf1XExKLJBAczGMnSi3It14OiNCStjQjM6NU1okjQGSxgEZN8eBYKg==
  /mime-db/1.44.0:
    dev: false
    engines:
      node: '>= 0.6'
    resolution:
      integrity: sha512-/NOTfLrsPBVeH7YtFPgsVWveuL+4SjjYxaQ1xtM1KMFj7HdxlBlxeyNLzhyJVx7r4rZGJAZ/6lkKCitSc/Nmpg==
  /mime-types/2.1.27:
    dependencies:
      mime-db: 1.44.0
    dev: false
    engines:
      node: '>= 0.6'
    resolution:
      integrity: sha512-JIhqnCasI9yD+SsmkquHBxTSEuZdQX5BuQnS2Vc7puQQQ+8yiP5AY5uWhpdv4YL4VM5c6iliiYWPgJ/nJQLp7w==
  /minimatch/3.0.4:
    dependencies:
      brace-expansion: 1.1.11
    dev: false
    resolution:
      integrity: sha512-yJHVQEhyqPLUTgt9B83PXu6W3rx4MvvHvSUvToogpwoGDOUQ+yDrR0HRot+yOCdCO7u4hX3pWft6kWBBcqh0UA==
  /minimist/1.2.5:
    dev: false
    resolution:
      integrity: sha512-FM9nNUYrRBAELZQT3xeZQ7fmMOBg6nWNmJKTcgsJeaLstP/UODVpGsr5OhXhhXg6f+qtJ8uiZ+PUxkDWcgIXLw==
  /minipass/2.9.0:
    dependencies:
      safe-buffer: 5.2.1
      yallist: 3.1.1
    dev: false
    resolution:
      integrity: sha512-wxfUjg9WebH+CUDX/CdbRlh5SmfZiy/hpkxaRI16Y9W56Pa75sWgd/rvFilSgrauD9NyFymP/+JFV3KwzIsJeg==
  /minizlib/1.3.3:
    dependencies:
      minipass: 2.9.0
    dev: false
    resolution:
      integrity: sha512-6ZYMOEnmVsdCeTJVE0W9ZD+pVnE8h9Hma/iOwwRDsdQoePpoX56/8B6z3P9VNwppJuBKNRuFDRNRqRWexT9G9Q==
  /mkdirp/0.5.5:
    dependencies:
      minimist: 1.2.5
    dev: false
    hasBin: true
    resolution:
      integrity: sha512-NKmAlESf6jMGym1++R0Ra7wvhV+wFW63FaSOFPwRahvea0gMUcGUhVeAg/0BC0wiv9ih5NYPB1Wn1UEI1/L+xQ==
  /moment/2.27.0:
    dev: false
    resolution:
      integrity: sha512-al0MUK7cpIcglMv3YF13qSgdAIqxHTO7brRtaz3DlSULbqfazqkc5kEjNrLDOM7fsjshoFIihnU8snrP7zUvhQ==
  /mongodb/3.6.2:
    dependencies:
      bl: 2.2.1
      bson: 1.1.5
      denque: 1.4.1
      require_optional: 1.0.1
      safe-buffer: 5.2.1
    dev: false
    engines:
      node: '>=4'
    optionalDependencies:
      saslprep: 1.0.3
    resolution:
      integrity: sha512-sSZOb04w3HcnrrXC82NEh/YGCmBuRgR+C1hZgmmv4L6dBz4BkRse6Y8/q/neXer9i95fKUBbFi4KgeceXmbsOA==
  /mongoose-legacy-pluralize/1.0.2_mongoose@5.10.7:
    dependencies:
      mongoose: 5.10.7_mongoose@5.10.7
    dev: false
    peerDependencies:
      mongoose: '*'
    resolution:
      integrity: sha512-Yo/7qQU4/EyIS8YDFSeenIvXxZN+ld7YdV9LqFVQJzTLye8unujAWPZ4NWKfFA+RNjh+wvTWKY9Z3E5XM6ZZiQ==
  /mongoose/5.10.7_mongoose@5.10.7:
    dependencies:
      bson: 1.1.5
      kareem: 2.3.1
      mongodb: 3.6.2
      mongoose-legacy-pluralize: 1.0.2_mongoose@5.10.7
      mpath: 0.7.0
      mquery: 3.2.2
      ms: 2.1.2
      regexp-clone: 1.0.0
      safe-buffer: 5.2.1
      sift: 7.0.1
      sliced: 1.0.1
    dev: false
    engines:
      node: '>=4.0.0'
    peerDependencies:
      mongoose: '*'
    resolution:
      integrity: sha512-oiofFrD4I5p3PhJXn49QyrU1nX5CY01qhPkfMMrXYPhkfGLEJVwFVO+0PsCxD91A2kQP+d/iFyk5U8e86KI8eQ==
  /mpath/0.7.0:
    dev: false
    engines:
      node: '>=4.0.0'
    resolution:
      integrity: sha512-Aiq04hILxhz1L+f7sjGyn7IxYzWm1zLNNXcfhDtx04kZ2Gk7uvFdgZ8ts1cWa/6d0TQmag2yR8zSGZUmp0tFNg==
  /mquery/3.2.2:
    dependencies:
      bluebird: 3.5.1
      debug: 3.1.0
      regexp-clone: 1.0.0
      safe-buffer: 5.1.2
      sliced: 1.0.1
    dev: false
    engines:
      node: '>=4.0.0'
    resolution:
      integrity: sha512-XB52992COp0KP230I3qloVUbkLUxJIu328HBP2t2EsxSFtf4W1HPSOBWOXf1bqxK4Xbb66lfMJ+Bpfd9/yZE1Q==
  /ms/2.0.0:
    dev: false
    resolution:
      integrity: sha1-VgiurfwAvmwpAd9fmGF4jeDVl8g=
  /ms/2.1.2:
    dev: false
    resolution:
      integrity: sha512-sGkPx+VjMtmA6MX27oA4FBFELFCZZ4S4XqeGOXCv68tT+jb3vk/RyaKWP0PTKyWtmLSM0b+adUTEvbs1PEaH2w==
  /nan/2.14.1:
    dev: false
    resolution:
      integrity: sha512-isWHgVjnFjh2x2yuJ/tj3JbwoHu3UC2dX5G/88Cm24yB6YopVgxvBObDY7n5xW6ExmFhJpSEQqFPvq9zaXc8Jw==
  /nanoid/3.1.13:
    dev: false
    engines:
      node: ^10 || ^12 || ^13.7 || ^14 || >=15.0.1
    hasBin: true
    resolution:
      integrity: sha512-oYL7jWZUdScASxYOrcwE8EvISFGzO3/1g+t56vCyR0s2nrpmBcOc7hTAFJaVf6HMyEPJrnNelnjRnMN6KZnCPA==
  /needle/2.5.0:
    dependencies:
      debug: 3.2.6
      iconv-lite: 0.4.24
      sax: 1.2.4
    dev: false
    engines:
      node: '>= 4.4.x'
    hasBin: true
    resolution:
      integrity: sha512-o/qITSDR0JCyCKEQ1/1bnUXMmznxabbwi/Y4WwJElf+evwJNFNwIDMCCt5IigFVxgeGBJESLohGtIS9gEzo1fA==
  /node-cmd/3.0.0:
    dev: false
    resolution:
      integrity: sha1-OP/3CkqqT2WdID61eGJzcBjiT28=
  /node-fetch/2.6.0:
    dev: false
    engines:
      node: 4.x || >=6.0.0
    resolution:
      integrity: sha512-8dG4H5ujfvFiqDmVu9fQ5bOHUC15JMjMY/Zumv26oOvvVJjM67KF8koCWIabKQ1GJIa9r2mMZscBq/TbdOcmNA==
  /node-pre-gyp/0.11.0:
    dependencies:
      detect-libc: 1.0.3
      mkdirp: 0.5.5
      needle: 2.5.0
      nopt: 4.0.3
      npm-packlist: 1.4.8
      npmlog: 4.1.2
      rc: 1.2.8
      rimraf: 2.7.1
      semver: 5.7.1
      tar: 4.4.13
    dev: false
    hasBin: true
    resolution:
      integrity: sha512-TwWAOZb0j7e9eGaf9esRx3ZcLaE5tQ2lvYy1pb5IAaG1a2e2Kv5Lms1Y4hpj+ciXJRofIxxlt5haeQ/2ANeE0Q==
  /nopt/4.0.3:
    dependencies:
      abbrev: 1.1.1
      osenv: 0.1.5
    dev: false
    hasBin: true
    resolution:
      integrity: sha512-CvaGwVMztSMJLOeXPrez7fyfObdZqNUK1cPAEzLHrTybIua9pMdmmPR5YwtfNftIOMv3DPUhFaxsZMNTQO20Kg==
  /npm-bundled/1.1.1:
    dependencies:
      npm-normalize-package-bin: 1.0.1
    dev: false
    resolution:
      integrity: sha512-gqkfgGePhTpAEgUsGEgcq1rqPXA+tv/aVBlgEzfXwA1yiUJF7xtEt3CtVwOjNYQOVknDk0F20w58Fnm3EtG0fA==
  /npm-normalize-package-bin/1.0.1:
    dev: false
    resolution:
      integrity: sha512-EPfafl6JL5/rU+ot6P3gRSCpPDW5VmIzX959Ob1+ySFUuuYHWHekXpwdUZcKP5C+DS4GEtdJluwBjnsNDl+fSA==
  /npm-packlist/1.4.8:
    dependencies:
      ignore-walk: 3.0.3
      npm-bundled: 1.1.1
      npm-normalize-package-bin: 1.0.1
    dev: false
    resolution:
      integrity: sha512-5+AZgwru5IevF5ZdnFglB5wNlHG1AOOuw28WhUq8/8emhBmLv6jX5by4WJCh7lW0uSYZYS6DXqIsyZVIXRZU9A==
  /npmlog/4.1.2:
    dependencies:
      are-we-there-yet: 1.1.5
      console-control-strings: 1.1.0
      gauge: 2.7.4
      set-blocking: 2.0.0
    dev: false
    resolution:
      integrity: sha512-2uUqazuKlTaSI/dC8AzicUck7+IrEaOnN/e0jd3Xtt1KcGpwx30v50mL7oPyr/h9bL3E4aZccVwpwP+5W9Vjkg==
  /number-is-nan/1.0.1:
    dev: false
    engines:
      node: '>=0.10.0'
    resolution:
      integrity: sha1-CXtgK1NCKlIsGvuHkDGDNpQaAR0=
  /oauth-sign/0.9.0:
    dev: false
    resolution:
      integrity: sha512-fexhUFFPTGV8ybAtSIGbV6gOkSv8UtRbDBnAyLQw4QPKkgNlsH2ByPGtMUqdWkos6YCRmAqViwgZrJc/mRDzZQ==
  /object-assign/4.1.1:
    dev: false
    engines:
      node: '>=0.10.0'
    resolution:
      integrity: sha1-IQmtx5ZYh8/AXLvUQsrIv7s2CGM=
  /once/1.4.0:
    dependencies:
      wrappy: 1.0.2
    dev: false
    resolution:
      integrity: sha1-WDsap3WWHUsROsF9nFC6753Xa9E=
  /os-homedir/1.0.2:
    dev: false
    engines:
      node: '>=0.10.0'
    resolution:
      integrity: sha1-/7xJiDNuDoM94MFox+8VISGqf7M=
  /os-tmpdir/1.0.2:
    dev: false
    engines:
      node: '>=0.10.0'
    resolution:
      integrity: sha1-u+Z0BseaqFxc/sdm/lc0VV36EnQ=
  /osenv/0.1.5:
    dependencies:
      os-homedir: 1.0.2
      os-tmpdir: 1.0.2
    dev: false
    resolution:
      integrity: sha512-0CWcCECdMVc2Rw3U5w9ZjqX6ga6ubk1xDVKxtBQPK7wis/0F2r9T6k4ydGYhecl7YUBxBVxhL5oisPsNxAPe2g==
  /path-is-absolute/1.0.1:
    dev: false
    engines:
      node: '>=0.10.0'
    resolution:
      integrity: sha1-F0uSaHNVNP+8es5r9TpanhtcX18=
  /performance-now/2.1.0:
    dev: false
    resolution:
      integrity: sha1-Ywn04OX6kT7BxpMHrjZLSzd8nns=
  /prism-media/1.2.2:
    dev: false
    peerDependencies:
      '@discordjs/opus': ^0.1.0
      ffmpeg-static: ^2.4.0 || ^3.0.0
      node-opus: ^0.3.1
      opusscript: ^0.0.6
    peerDependenciesMeta:
      '@discordjs/opus':
        optional: true
      ffmpeg-static:
        optional: true
      node-opus:
        optional: true
      opusscript:
        optional: true
    resolution:
      integrity: sha512-I+nkWY212lJ500jLe4tN9tWO7nRiBAVdMv76P9kffZjYhw20raMlW1HSSvS+MLXC9MmbNZCazMrAr+5jEEgTuw==
  /process-nextick-args/2.0.1:
    dev: false
    resolution:
      integrity: sha512-3ouUOpQhtgrbOa17J7+uxOTpITYWaGP7/AhoR3+A+/1e9skrzelGi/dXzEYyvbxubEF6Wn2ypscTKiKJFFn1ag==
  /psl/1.8.0:
    dev: false
    resolution:
      integrity: sha512-RIdOzyoavK+hA18OGGWDqUTsCLhtA7IcZ/6NCs4fFJaHBDab+pDDmDIByWFRQJq2Cd7r1OoQxBGKOaztq+hjIQ==
  /punycode/2.1.1:
    dev: false
    engines:
      node: '>=6'
    resolution:
      integrity: sha512-XRsRjdf+j5ml+y/6GKHPZbrF/8p2Yga0JPtdqTIY2Xe5ohJPD9saDJJLPvp9+NSBprVvevdXZybnj2cv8OEd0A==
  /qs/6.5.2:
    dev: false
    engines:
      node: '>=0.6'
    resolution:
      integrity: sha512-N5ZAX4/LxJmF+7wN74pUD6qAh9/wnvdQcjq9TZjevvXzSUo7bfmw91saqMjzGS2xq91/odN2dW/WOl7qQHNDGA==
  /rc/1.2.8:
    dependencies:
      deep-extend: 0.6.0
      ini: 1.3.5
      minimist: 1.2.5
      strip-json-comments: 2.0.1
    dev: false
    hasBin: true
    resolution:
      integrity: sha512-y3bGgqKj3QBdxLbLkomlohkvsA8gdAiUQlSBJnBhfn+BPxg4bc62d8TcBW15wavDfgexCgccckhcZvywyQYPOw==
  /readable-stream/2.3.7:
    dependencies:
      core-util-is: 1.0.2
      inherits: 2.0.4
      isarray: 1.0.0
      process-nextick-args: 2.0.1
      safe-buffer: 5.1.2
      string_decoder: 1.1.1
      util-deprecate: 1.0.2
    dev: false
    resolution:
      integrity: sha512-Ebho8K4jIbHAxnuxi7o42OrZgF/ZTNcsZj6nRKyUmkhLFq8CHItp/fy6hQZuZmP/n3yZ9VBUbp4zz/mX8hmYPw==
  /regexp-clone/1.0.0:
    dev: false
    resolution:
      integrity: sha512-TuAasHQNamyyJ2hb97IuBEif4qBHGjPHBS64sZwytpLEqtBQ1gPJTnOaQ6qmpET16cK14kkjbazl6+p0RRv0yw==
  /request/2.88.2:
    dependencies:
      aws-sign2: 0.7.0
      aws4: 1.10.1
      caseless: 0.12.0
      combined-stream: 1.0.8
      extend: 3.0.2
      forever-agent: 0.6.1
      form-data: 2.3.3
      har-validator: 5.1.5
      http-signature: 1.2.0
      is-typedarray: 1.0.0
      isstream: 0.1.2
      json-stringify-safe: 5.0.1
      mime-types: 2.1.27
      oauth-sign: 0.9.0
      performance-now: 2.1.0
      qs: 6.5.2
      safe-buffer: 5.2.1
      tough-cookie: 2.5.0
      tunnel-agent: 0.6.0
      uuid: 3.4.0
    deprecated: 'request has been deprecated, see https://github.com/request/request/issues/3142'
    dev: false
    engines:
      node: '>= 6'
    resolution:
      integrity: sha512-MsvtOrfG9ZcrOwAW+Qi+F6HbD0CWXEh9ou77uOb7FM2WPhwT7smM833PzanhJLsgXjN89Ir6V2PczXNnMpwKhw==
  /require_optional/1.0.1:
    dependencies:
      resolve-from: 2.0.0
      semver: 5.7.1
    dev: false
    resolution:
      integrity: sha512-qhM/y57enGWHAe3v/NcwML6a3/vfESLe/sGM2dII+gEO0BpKRUkWZow/tyloNqJyN6kXSl3RyyM8Ll5D/sJP8g==
  /resolve-from/2.0.0:
    dev: false
    engines:
      node: '>=0.10.0'
    resolution:
      integrity: sha1-lICrIOlP+h2egKgEx+oUdhGWa1c=
  /rimraf/2.7.1:
    dependencies:
      glob: 7.1.6
    dev: false
    hasBin: true
    resolution:
      integrity: sha512-uWjbaKIK3T1OSVptzX7Nl6PvQ3qAGtKEtVRjRuazjfL3Bx5eI409VZSqgND+4UNnmzLVdPj9FqFJNPqBZFve4w==
  /safe-buffer/5.1.2:
    dev: false
    resolution:
      integrity: sha512-Gd2UZBJDkXlY7GbJxfsE8/nvKkUEU1G38c1siN6QP6a9PT9MmHB8GnpscSmMJSoF8LOIrt8ud/wPtojys4G6+g==
  /safe-buffer/5.2.1:
    dev: false
    resolution:
      integrity: sha512-rp3So07KcdmmKbGvgaNxQSJr7bGVSVk5S9Eq1F+ppbRo70+YeaDxkw5Dd8NPN+GD6bjnYm2VuPuCXmpuYvmCXQ==
  /safer-buffer/2.1.2:
    dev: false
    resolution:
      integrity: sha512-YZo3K82SD7Riyi0E1EQPojLz7kpepnSQI9IyPbHHg1XXXevb5dJI7tpyN2ADxGcQbHG7vcyRHk0cbwqcQriUtg==
  /saslprep/1.0.3:
    dependencies:
      sparse-bitfield: 3.0.3
    dev: false
    engines:
      node: '>=6'
    optional: true
    resolution:
      integrity: sha512-/MY/PEMbk2SuY5sScONwhUDsV2p77Znkb/q3nSVstq/yQzYJOH/Azh29p9oJLsl3LnQwSvZDKagDGBsBwSooag==
  /sax/1.2.4:
    dev: false
    resolution:
      integrity: sha512-NqVDv9TpANUjFm0N8uM5GxL36UgKi9/atZw+x7YFnQ8ckwFGKrl4xX4yWtrey3UJm5nP1kUbnYgLopqWNSRhWw==
  /semver/5.7.1:
    dev: false
    hasBin: true
    resolution:
      integrity: sha512-sauaDf/PZdVgrLTNYHRtpXa1iRiKcaebiKQ1BJdpQlWH2lCvexQdX55snPFyK7QzpudqbCI0qXFfOasHdyNDGQ==
  /set-blocking/2.0.0:
    dev: false
    resolution:
      integrity: sha1-BF+XgtARrppoA93TgrJDkrPYkPc=
  /setimmediate/1.0.5:
    dev: false
    resolution:
      integrity: sha1-KQy7Iy4waULX1+qbg3Mqt4VvgoU=
  /sift/7.0.1:
    dev: false
    resolution:
      integrity: sha512-oqD7PMJ+uO6jV9EQCl0LrRw1OwsiPsiFQR5AR30heR+4Dl7jBBbDLnNvWiak20tzZlSE1H7RB30SX/1j/YYT7g==
  /signal-exit/3.0.3:
    dev: false
    resolution:
      integrity: sha512-VUJ49FC8U1OxwZLxIbTTrDvLnf/6TDgxZcK8wxR8zs13xpx7xbG60ndBlhNrFi2EMuFRoeDoJO7wthSLq42EjA==
  /sliced/1.0.1:
    dev: false
    resolution:
      integrity: sha1-CzpmK10Ewxd7GSa+qCsD+Dei70E=
  /sparse-bitfield/3.0.3:
    dependencies:
      memory-pager: 1.5.0
    dev: false
    optional: true
    resolution:
      integrity: sha1-/0rm5oZWBWuks+eSqzM004JzyhE=
  /sqlite3/4.2.0:
    dependencies:
      nan: 2.14.1
      node-pre-gyp: 0.11.0
    dev: false
    requiresBuild: true
    resolution:
      integrity: sha512-roEOz41hxui2Q7uYnWsjMOTry6TcNUNmp8audCx18gF10P2NknwdpF+E+HKvz/F2NvPKGGBF4NGc+ZPQ+AABwg==
  /sshpk/1.16.1:
    dependencies:
      asn1: 0.2.4
      assert-plus: 1.0.0
      bcrypt-pbkdf: 1.0.2
      dashdash: 1.14.1
      ecc-jsbn: 0.1.2
      getpass: 0.1.7
      jsbn: 0.1.1
      safer-buffer: 2.1.2
      tweetnacl: 0.14.5
    dev: false
    engines:
      node: '>=0.10.0'
    hasBin: true
    resolution:
      integrity: sha512-HXXqVUq7+pcKeLqqZj6mHFUMvXtOJt1uoUx09pFW6011inTMxqI8BA8PM95myrIyyKwdnzjdFjLiE6KBPVtJIg==
  /string-width/1.0.2:
    dependencies:
      code-point-at: 1.1.0
      is-fullwidth-code-point: 1.0.0
      strip-ansi: 3.0.1
    dev: false
    engines:
      node: '>=0.10.0'
    resolution:
      integrity: sha1-EYvfW4zcUaKn5w0hHgfisLmxB9M=
  /string_decoder/1.1.1:
    dependencies:
      safe-buffer: 5.1.2
    dev: false
    resolution:
      integrity: sha512-n/ShnvDi6FHbbVfviro+WojiFzv+s8MPMHBczVePfUpDJLwoLT0ht1l4YwBCbi8pJAveEEdnkHyPyTP/mzRfwg==
  /strip-ansi/3.0.1:
    dependencies:
      ansi-regex: 2.1.1
    dev: false
    engines:
      node: '>=0.10.0'
    resolution:
      integrity: sha1-ajhfuIU9lS1f8F0Oiq+UJ43GPc8=
  /strip-json-comments/2.0.1:
    dev: false
    engines:
      node: '>=0.10.0'
    resolution:
      integrity: sha1-PFMZQukIwml8DsNEhYwobHygpgo=
  /tar/4.4.13:
    dependencies:
      chownr: 1.1.4
      fs-minipass: 1.2.7
      minipass: 2.9.0
      minizlib: 1.3.3
      mkdirp: 0.5.5
      safe-buffer: 5.2.1
      yallist: 3.1.1
    dev: false
    engines:
      node: '>=4.5'
    resolution:
      integrity: sha512-w2VwSrBoHa5BsSyH+KxEqeQBAllHhccyMFVHtGtdMpF4W7IRWfZjFiQceJPChOeTsSDVUpER2T8FA93pr0L+QA==
  /tough-cookie/2.5.0:
    dependencies:
      psl: 1.8.0
      punycode: 2.1.1
    dev: false
    engines:
      node: '>=0.8'
    resolution:
      integrity: sha512-nlLsUzgm1kfLXSXfRZMc1KLAugd4hqJHDTvc2hDIwS3mZAfMEuMbc03SujMF+GEcpaX/qboeycw6iO8JwVv2+g==
  /tunnel-agent/0.6.0:
    dependencies:
      safe-buffer: 5.2.1
    dev: false
    resolution:
      integrity: sha1-J6XeoGs2sEoKmWZ3SykIaPD8QP0=
  /tweetnacl/0.14.5:
    dev: false
    resolution:
      integrity: sha1-WuaBd/GS1EViadEIr6k/+HQ/T2Q=
  /tweetnacl/1.0.3:
    dev: false
    resolution:
      integrity: sha512-6rt+RN7aOi1nGMyC4Xa5DdYiukl2UWCbcJft7YhxReBGQD7OAM8Pbxw6YMo4r2diNEA8FEmu32YOn9rhaiE5yw==
  /unb-api/1.2.0:
    dependencies:
      request: 2.88.2
    dev: false
    resolution:
      integrity: sha512-frGAYDCspMaD/tAjxENSgbW0WnlSlwxVFtkdri6NbarY4v8jYruqtVSYN13kVebcZHOv9ecPX0oLDxZ3gE098A==
  /uri-js/4.2.2:
    dependencies:
      punycode: 2.1.1
    dev: false
    resolution:
      integrity: sha512-KY9Frmirql91X2Qgjry0Wd4Y+YTdrdZheS8TFwvkbLWf/G5KNJDCh6pKL5OZctEW4+0Baa5idK2ZQuELRwPznQ==
  /util-deprecate/1.0.2:
    dev: false
    resolution:
      integrity: sha1-RQ1Nyfpw3nMnYvvS1KKJgUGaDM8=
  /uuid/3.4.0:
    dev: false
    hasBin: true
    resolution:
      integrity: sha512-HjSDRw6gZE5JMggctHBcjVak08+KEVhSIiDzFnT9S9aegmp85S/bReBVTb4QTFaRNptJ9kuYaNhnbNEOkbKb/A==
  /verror/1.10.0:
    dependencies:
      assert-plus: 1.0.0
      core-util-is: 1.0.2
      extsprintf: 1.3.0
    dev: false
    engines:
      '0': node >=0.6.0
    resolution:
      integrity: sha1-OhBcoXBTr1XW4nDB+CiGguGNpAA=
  /wide-align/1.1.3:
    dependencies:
      string-width: 1.0.2
    dev: false
    resolution:
      integrity: sha512-QGkOQc8XL6Bt5PwnsExKBPuMKBxnGxWWW3fU55Xt4feHozMUhdUMaBCk290qpm/wG5u/RSKzwdAC4i51YigihA==
  /wrappy/1.0.2:
    dev: false
    resolution:
      integrity: sha1-tSQ9jz7BqjXxNkYFvA0QNuMKtp8=
  /ws/7.3.1:
    dev: false
    engines:
      node: '>=8.3.0'
    peerDependencies:
      bufferutil: ^4.0.1
      utf-8-validate: ^5.0.2
    peerDependenciesMeta:
      bufferutil:
        optional: true
      utf-8-validate:
        optional: true
    resolution:
      integrity: sha512-D3RuNkynyHmEJIpD2qrgVkc9DQ23OrN/moAwZX4L8DfvszsJxpjQuUq3LMx6HoYji9fbIOBY18XWBsAux1ZZUA==
  /yallist/3.1.1:
    dev: false
    resolution:
      integrity: sha512-a4UGQaWPH59mOXUYnAG2ewncQS4i4F43Tv3JoAM+s2VDAmS9NsK8GpDMLrCHPksFT7h3K6TOoUNn2pb7RoXx4g==
specifiers:
  array-pull: ^0.2.1
  deepmerge: ^4.2.2
  discord.js: ^12.2.0
  dotenv: ^8.2.0
  moment: ^2.27.0
  mongoose: ^5.10.7
  ms: ^2.1.2
  nanoid: ^3.1.13
  node-cmd: ^3.0.0
  sqlite3: ^4.2.0
  unb-api: ^1.1.1
